
Microsoft Visual Studio Solution File, Format Version 12.00
# Visual Studio Version 16
VisualStudioVersion = 16.0.30711.63
MinimumVisualStudioVersion = 10.0.40219.1
Project("{9A19103F-16F7-4668-BE54-9A1E7A4F7556}") = "Aoc2021", "Aoc2021\Aoc2021.csproj", "{542146BF-1CDA-4857-B8FB-51EFE94B926B}"
EndProject
Project("{FAE04EC0-301F-11D3-BF4B-00C04F79EFBC}") = "Aoc2021.Tests", "Aoc2021.Tests\Aoc2021.Tests.csproj", "{FFF2ECB6-D1AB-44CB-8040-EC4DF2E3B1D6}"
EndProject
Global
	GlobalSection(SolutionConfigurationPlatforms) = preSolution
		Debug|Any CPU = Debug|Any CPU
		Release|Any CPU = Release|Any CPU
	EndGlobalSection
	GlobalSection(ProjectConfigurationPlatforms) = postSolution
		{542146BF-1CDA-4857-B8FB-51EFE94B926B}.Debug|Any CPU.ActiveCfg = Debug|Any CPU
		{542146BF-1CDA-4857-B8FB-51EFE94B926B}.Debug|Any CPU.Build.0 = Debug|Any CPU
		{542146BF-1CDA-4857-B8FB-51EFE94B926B}.Release|Any CPU.ActiveCfg = Release|Any CPU
		{542146BF-1CDA-4857-B8FB-51EFE94B926B}.Release|Any CPU.Build.0 = Release|Any CPU
		{FFF2ECB6-D1AB-44CB-8040-EC4DF2E3B1D6}.Debug|Any CPU.ActiveCfg = Debug|Any CPU
		{FFF2ECB6-D1AB-44CB-8040-EC4DF2E3B1D6}.Debug|Any CPU.Build.0 = Debug|Any CPU
		{FFF2ECB6-D1AB-44CB-8040-EC4DF2E3B1D6}.Release|Any CPU.ActiveCfg = Release|Any CPU
		{FFF2ECB6-D1AB-44CB-8040-EC4DF2E3B1D6}.Release|Any CPU.Build.0 = Release|Any CPU
	EndGlobalSection
	GlobalSection(SolutionProperties) = preSolution
		HideSolutionNode = FALSE
	EndGlobalSection
	GlobalSection(ExtensibilityGlobals) = postSolution
		SolutionGuid = {7C57BF09-15EF-4A49-8A7A-E1D590FC2DA6}
	EndGlobalSection
EndGlobal
